
Microsoft Visual Studio Solution File, Format Version 12.00
# Visual Studio Version 17
VisualStudioVersion = 17.0.31903.59
MinimumVisualStudioVersion = 10.0.40219.1
Project("{2150E333-8FDC-42A3-9474-1A3956D46DE8}") = "domain", "domain", "{D4F82030-4ACA-4749-9C7A-FEF4B20B8F1E}"
EndProject
Project("{9A19103F-16F7-4668-BE54-9A1E7A4F7556}") = "Store", "domain\Store\Store.csproj", "{03B280D6-A48F-49F9-B61E-08003A5F8B3B}"
EndProject
Project("{2150E333-8FDC-42A3-9474-1A3956D46DE8}") = "infrastucture", "infrastucture", "{26B599AA-F4BB-42BA-B196-2C59CD364607}"
EndProject
Project("{FAE04EC0-301F-11D3-BF4B-00C04F79EFBC}") = "Store.Memory", "infrastructure\Store.Memory\Store.Memory.csproj", "{BDB7C9EF-24E0-42DC-8B43-AB2634987411}"
EndProject
Project("{2150E333-8FDC-42A3-9474-1A3956D46DE8}") = "presentation", "presentation", "{37D8835C-BC49-46A5-8157-CFB254C1F4F6}"
EndProject
Project("{FAE04EC0-301F-11D3-BF4B-00C04F79EFBC}") = "Store.Web", "presentation\Store.Web\Store.Web.csproj", "{4F1D5C7A-9D64-4A4B-85F9-CB66E90DB952}"
EndProject
Global
	GlobalSection(SolutionConfigurationPlatforms) = preSolution
		Debug|Any CPU = Debug|Any CPU
		Release|Any CPU = Release|Any CPU
	EndGlobalSection
	GlobalSection(ProjectConfigurationPlatforms) = postSolution
		{03B280D6-A48F-49F9-B61E-08003A5F8B3B}.Debug|Any CPU.ActiveCfg = Debug|Any CPU
		{03B280D6-A48F-49F9-B61E-08003A5F8B3B}.Debug|Any CPU.Build.0 = Debug|Any CPU
		{03B280D6-A48F-49F9-B61E-08003A5F8B3B}.Release|Any CPU.ActiveCfg = Release|Any CPU
		{03B280D6-A48F-49F9-B61E-08003A5F8B3B}.Release|Any CPU.Build.0 = Release|Any CPU
		{BDB7C9EF-24E0-42DC-8B43-AB2634987411}.Debug|Any CPU.ActiveCfg = Debug|Any CPU
		{BDB7C9EF-24E0-42DC-8B43-AB2634987411}.Debug|Any CPU.Build.0 = Debug|Any CPU
		{BDB7C9EF-24E0-42DC-8B43-AB2634987411}.Release|Any CPU.ActiveCfg = Release|Any CPU
		{BDB7C9EF-24E0-42DC-8B43-AB2634987411}.Release|Any CPU.Build.0 = Release|Any CPU
		{4F1D5C7A-9D64-4A4B-85F9-CB66E90DB952}.Debug|Any CPU.ActiveCfg = Debug|Any CPU
		{4F1D5C7A-9D64-4A4B-85F9-CB66E90DB952}.Debug|Any CPU.Build.0 = Debug|Any CPU
		{4F1D5C7A-9D64-4A4B-85F9-CB66E90DB952}.Release|Any CPU.ActiveCfg = Release|Any CPU
		{4F1D5C7A-9D64-4A4B-85F9-CB66E90DB952}.Release|Any CPU.Build.0 = Release|Any CPU
	EndGlobalSection
	GlobalSection(SolutionProperties) = preSolution
		HideSolutionNode = FALSE
	EndGlobalSection
	GlobalSection(NestedProjects) = preSolution
		{03B280D6-A48F-49F9-B61E-08003A5F8B3B} = {D4F82030-4ACA-4749-9C7A-FEF4B20B8F1E}
		{BDB7C9EF-24E0-42DC-8B43-AB2634987411} = {26B599AA-F4BB-42BA-B196-2C59CD364607}
		{4F1D5C7A-9D64-4A4B-85F9-CB66E90DB952} = {37D8835C-BC49-46A5-8157-CFB254C1F4F6}
	EndGlobalSection
	GlobalSection(ExtensibilityGlobals) = postSolution
		SolutionGuid = {D9FA69FE-DE36-45A1-9983-B47481CACFAC}
	EndGlobalSection
EndGlobal
